
Microsoft Visual Studio Solution File, Format Version 12.00
Project("{FAE04EC0-301F-11D3-BF4B-00C04F79EFBC}") = "EventHub.Api", "EventHub.Api\EventHub.Api.csproj", "{E2530168-738A-49E8-81AA-BD6C7E356BC4}"
EndProject
Project("{FAE04EC0-301F-11D3-BF4B-00C04F79EFBC}") = "EventHub.Api.Tests", "EventHub.Api.Tests\EventHub.Api.Tests.csproj", "{A91478EB-AA2E-4C82-8DCD-6422DE51AB67}"
EndProject
Global
	GlobalSection(SolutionConfigurationPlatforms) = preSolution
		Debug|Any CPU = Debug|Any CPU
		Debug|x64 = Debug|x64
		Debug|x86 = Debug|x86
		Release|Any CPU = Release|Any CPU
		Release|x64 = Release|x64
		Release|x86 = Release|x86
	EndGlobalSection
	GlobalSection(ProjectConfigurationPlatforms) = postSolution
		{E2530168-738A-49E8-81AA-BD6C7E356BC4}.Debug|Any CPU.ActiveCfg = Debug|Any CPU
		{E2530168-738A-49E8-81AA-BD6C7E356BC4}.Debug|Any CPU.Build.0 = Debug|Any CPU
		{E2530168-738A-49E8-81AA-BD6C7E356BC4}.Debug|x64.ActiveCfg = Debug|Any CPU
		{E2530168-738A-49E8-81AA-BD6C7E356BC4}.Debug|x64.Build.0 = Debug|Any CPU
		{E2530168-738A-49E8-81AA-BD6C7E356BC4}.Debug|x86.ActiveCfg = Debug|Any CPU
		{E2530168-738A-49E8-81AA-BD6C7E356BC4}.Debug|x86.Build.0 = Debug|Any CPU
		{E2530168-738A-49E8-81AA-BD6C7E356BC4}.Release|Any CPU.ActiveCfg = Release|Any CPU
		{E2530168-738A-49E8-81AA-BD6C7E356BC4}.Release|Any CPU.Build.0 = Release|Any CPU
		{E2530168-738A-49E8-81AA-BD6C7E356BC4}.Release|x64.ActiveCfg = Release|Any CPU
		{E2530168-738A-49E8-81AA-BD6C7E356BC4}.Release|x64.Build.0 = Release|Any CPU
		{E2530168-738A-49E8-81AA-BD6C7E356BC4}.Release|x86.ActiveCfg = Release|Any CPU
		{E2530168-738A-49E8-81AA-BD6C7E356BC4}.Release|x86.Build.0 = Release|Any CPU
		{A91478EB-AA2E-4C82-8DCD-6422DE51AB67}.Debug|Any CPU.ActiveCfg = Debug|Any CPU
		{A91478EB-AA2E-4C82-8DCD-6422DE51AB67}.Debug|Any CPU.Build.0 = Debug|Any CPU
		{A91478EB-AA2E-4C82-8DCD-6422DE51AB67}.Debug|x64.ActiveCfg = Debug|Any CPU
		{A91478EB-AA2E-4C82-8DCD-6422DE51AB67}.Debug|x64.Build.0 = Debug|Any CPU
		{A91478EB-AA2E-4C82-8DCD-6422DE51AB67}.Debug|x86.ActiveCfg = Debug|Any CPU
		{A91478EB-AA2E-4C82-8DCD-6422DE51AB67}.Debug|x86.Build.0 = Debug|Any CPU
		{A91478EB-AA2E-4C82-8DCD-6422DE51AB67}.Release|Any CPU.ActiveCfg = Release|Any CPU
		{A91478EB-AA2E-4C82-8DCD-6422DE51AB67}.Release|Any CPU.Build.0 = Release|Any CPU
		{A91478EB-AA2E-4C82-8DCD-6422DE51AB67}.Release|x64.ActiveCfg = Release|Any CPU
		{A91478EB-AA2E-4C82-8DCD-6422DE51AB67}.Release|x64.Build.0 = Release|Any CPU
		{A91478EB-AA2E-4C82-8DCD-6422DE51AB67}.Release|x86.ActiveCfg = Release|Any CPU
		{A91478EB-AA2E-4C82-8DCD-6422DE51AB67}.Release|x86.Build.0 = Release|Any CPU
	EndGlobalSection
	GlobalSection(SolutionProperties) = preSolution
		HideSolutionNode = FALSE
	EndGlobalSection
EndGlobal
